// !$*UTF8*$!
{
	archiveVersion = 1;
	classes = {
	};
	objectVersion = 55;
	objects = {

/* Begin PBXBuildFile section */
		FD043938274FADE300F91BCD /* LinkKit.xcframework in Frameworks */ = {isa = PBXBuildFile; fileRef = FD043937274FADE300F91BCD /* LinkKit.xcframework */; };
		FD04393A274FADFB00F91BCD /* AudioEngineController.swift in Sources */ = {isa = PBXBuildFile; fileRef = FD043939274FADFB00F91BCD /* AudioEngineController.swift */; };
		FD04393E274FAE0500F91BCD /* AudioEngine.m in Sources */ = {isa = PBXBuildFile; fileRef = FD04393C274FAE0500F91BCD /* AudioEngine.m */; };
		FD55443D274FAC6A00569236 /* LinkHutApp.swift in Sources */ = {isa = PBXBuildFile; fileRef = FD55443C274FAC6A00569236 /* LinkHutApp.swift */; };
		FD55443F274FAC6A00569236 /* ContentView.swift in Sources */ = {isa = PBXBuildFile; fileRef = FD55443E274FAC6A00569236 /* ContentView.swift */; };
		FD554441274FAC6B00569236 /* Assets.xcassets in Resources */ = {isa = PBXBuildFile; fileRef = FD554440274FAC6B00569236 /* Assets.xcassets */; };
		FD75856E274FC4D30039656B /* LinkKitResources.bundle in Resources */ = {isa = PBXBuildFile; fileRef = FD75856D274FC4D30039656B /* LinkKitResources.bundle */; };
/* End PBXBuildFile section */

/* Begin PBXFileReference section */
		FD043937274FADE300F91BCD /* LinkKit.xcframework */ = {isa = PBXFileReference; lastKnownFileType = wrapper.xcframework; name = LinkKit.xcframework; path = ../../../LinkKit.xcframework; sourceTree = "<group>"; };
		FD043939274FADFB00F91BCD /* AudioEngineController.swift */ = {isa = PBXFileReference; fileEncoding = 4; lastKnownFileType = sourcecode.swift; path = AudioEngineController.swift; sourceTree = "<group>"; };
		FD04393B274FAE0400F91BCD /* LinkHut-Bridging-Header.h */ = {isa = PBXFileReference; lastKnownFileType = sourcecode.c.h; path = "LinkHut-Bridging-Header.h"; sourceTree = "<group>"; };
		FD04393C274FAE0500F91BCD /* AudioEngine.m */ = {isa = PBXFileReference; fileEncoding = 4; lastKnownFileType = sourcecode.c.objc; path = AudioEngine.m; sourceTree = "<group>"; };
		FD04393D274FAE0500F91BCD /* AudioEngine.h */ = {isa = PBXFileReference; fileEncoding = 4; lastKnownFileType = sourcecode.c.h; path = AudioEngine.h; sourceTree = "<group>"; };
		FD554439274FAC6A00569236 /* LinkHut.app */ = {isa = PBXFileReference; explicitFileType = wrapper.application; includeInIndex = 0; path = LinkHut.app; sourceTree = BUILT_PRODUCTS_DIR; };
		FD55443C274FAC6A00569236 /* LinkHutApp.swift */ = {isa = PBXFileReference; lastKnownFileType = sourcecode.swift; path = LinkHutApp.swift; sourceTree = "<group>"; };
		FD55443E274FAC6A00569236 /* ContentView.swift */ = {isa = PBXFileReference; lastKnownFileType = sourcecode.swift; path = ContentView.swift; sourceTree = "<group>"; };
		FD554440274FAC6B00569236 /* Assets.xcassets */ = {isa = PBXFileReference; lastKnownFileType = folder.assetcatalog; path = Assets.xcassets; sourceTree = "<group>"; };
		FD75856D274FC4D30039656B /* LinkKitResources.bundle */ = {isa = PBXFileReference; lastKnownFileType = "wrapper.plug-in"; name = LinkKitResources.bundle; path = ../../../LinkKitResources.bundle; sourceTree = "<group>"; };
		FDDD0DFA274FD3A80032655E /* LinkHut.entitlements */ = {isa = PBXFileReference; lastKnownFileType = text.plist.entitlements; path = LinkHut.entitlements; sourceTree = "<group>"; };
/* End PBXFileReference section */

/* Begin PBXFrameworksBuildPhase section */
		FD554436274FAC6A00569236 /* Frameworks */ = {
			isa = PBXFrameworksBuildPhase;
			buildActionMask = 2147483647;
			files = (
				FD043938274FADE300F91BCD /* LinkKit.xcframework in Frameworks */,
			);
			runOnlyForDeploymentPostprocessing = 0;
		};
/* End PBXFrameworksBuildPhase section */

/* Begin PBXGroup section */
		FD554430274FAC6A00569236 = {
			isa = PBXGroup;
			children = (
				FD55443B274FAC6A00569236 /* LinkHut */,
				FD55443A274FAC6A00569236 /* Products */,
			);
			sourceTree = "<group>";
		};
		FD55443A274FAC6A00569236 /* Products */ = {
			isa = PBXGroup;
			children = (
				FD554439274FAC6A00569236 /* LinkHut.app */,
			);
			name = Products;
			sourceTree = "<group>";
		};
		FD55443B274FAC6A00569236 /* LinkHut */ = {
			isa = PBXGroup;
			children = (
				FDDD0DFA274FD3A80032655E /* LinkHut.entitlements */,
				FD04393D274FAE0500F91BCD /* AudioEngine.h */,
				FD04393C274FAE0500F91BCD /* AudioEngine.m */,
				FD043939274FADFB00F91BCD /* AudioEngineController.swift */,
				FD55443C274FAC6A00569236 /* LinkHutApp.swift */,
				FD55443E274FAC6A00569236 /* ContentView.swift */,
				FD04393B274FAE0400F91BCD /* LinkHut-Bridging-Header.h */,
				FD554440274FAC6B00569236 /* Assets.xcassets */,
				FD043937274FADE300F91BCD /* LinkKit.xcframework */,
				FD75856D274FC4D30039656B /* LinkKitResources.bundle */,
			);
			path = LinkHut;
			sourceTree = "<group>";
		};
/* End PBXGroup section */

/* Begin PBXNativeTarget section */
		FD554438274FAC6A00569236 /* LinkHut */ = {
			isa = PBXNativeTarget;
			buildConfigurationList = FD554447274FAC6B00569236 /* Build configuration list for PBXNativeTarget "LinkHut" */;
			buildPhases = (
				FD554435274FAC6A00569236 /* Sources */,
				FD554436274FAC6A00569236 /* Frameworks */,
				FD554437274FAC6A00569236 /* Resources */,
			);
			buildRules = (
			);
			dependencies = (
			);
			name = LinkHut;
			productName = LinkHut;
			productReference = FD554439274FAC6A00569236 /* LinkHut.app */;
			productType = "com.apple.product-type.application";
		};
/* End PBXNativeTarget section */

/* Begin PBXProject section */
		FD554431274FAC6A00569236 /* Project object */ = {
			isa = PBXProject;
			attributes = {
				BuildIndependentTargetsInParallel = 1;
				LastSwiftUpdateCheck = 1310;
				LastUpgradeCheck = 1310;
				TargetAttributes = {
					FD554438274FAC6A00569236 = {
						CreatedOnToolsVersion = 13.1;
						LastSwiftMigration = 1310;
					};
				};
			};
			buildConfigurationList = FD554434274FAC6A00569236 /* Build configuration list for PBXProject "LinkHut" */;
			compatibilityVersion = "Xcode 13.0";
			developmentRegion = en;
			hasScannedForEncodings = 0;
			knownRegions = (
				en,
				Base,
			);
			mainGroup = FD554430274FAC6A00569236;
			productRefGroup = FD55443A274FAC6A00569236 /* Products */;
			projectDirPath = "";
			projectRoot = "";
			targets = (
				FD554438274FAC6A00569236 /* LinkHut */,
			);
		};
/* End PBXProject section */

/* Begin PBXResourcesBuildPhase section */
		FD554437274FAC6A00569236 /* Resources */ = {
			isa = PBXResourcesBuildPhase;
			buildActionMask = 2147483647;
			files = (
				FD75856E274FC4D30039656B /* LinkKitResources.bundle in Resources */,
				FD554441274FAC6B00569236 /* Assets.xcassets in Resources */,
			);
			runOnlyForDeploymentPostprocessing = 0;
		};
/* End PBXResourcesBuildPhase section */

/* Begin PBXSourcesBuildPhase section */
		FD554435274FAC6A00569236 /* Sources */ = {
			isa = PBXSourcesBuildPhase;
			buildActionMask = 2147483647;
			files = (
				FD04393E274FAE0500F91BCD /* AudioEngine.m in Sources */,
				FD55443F274FAC6A00569236 /* ContentView.swift in Sources */,
				FD04393A274FADFB00F91BCD /* AudioEngineController.swift in Sources */,
				FD55443D274FAC6A00569236 /* LinkHutApp.swift in Sources */,
			);
			runOnlyForDeploymentPostprocessing = 0;
		};
/* End PBXSourcesBuildPhase section */

/* Begin XCBuildConfiguration section */
		FD554445274FAC6B00569236 /* Debug */ = {
			isa = XCBuildConfiguration;
			buildSettings = {
				ALWAYS_SEARCH_USER_PATHS = NO;
				CLANG_ANALYZER_NONNULL = YES;
				CLANG_ANALYZER_NUMBER_OBJECT_CONVERSION = YES_AGGRESSIVE;
				CLANG_CXX_LANGUAGE_STANDARD = "gnu++17";
				CLANG_CXX_LIBRARY = "libc++";
				CLANG_ENABLE_MODULES = YES;
				CLANG_ENABLE_OBJC_ARC = YES;
				CLANG_ENABLE_OBJC_WEAK = YES;
				CLANG_WARN_BLOCK_CAPTURE_AUTORELEASING = YES;
				CLANG_WARN_BOOL_CONVERSION = YES;
				CLANG_WARN_COMMA = YES;
				CLANG_WARN_CONSTANT_CONVERSION = YES;
				CLANG_WARN_DEPRECATED_OBJC_IMPLEMENTATIONS = YES;
				CLANG_WARN_DIRECT_OBJC_ISA_USAGE = YES_ERROR;
				CLANG_WARN_DOCUMENTATION_COMMENTS = YES;
				CLANG_WARN_EMPTY_BODY = YES;
				CLANG_WARN_ENUM_CONVERSION = YES;
				CLANG_WARN_INFINITE_RECURSION = YES;
				CLANG_WARN_INT_CONVERSION = YES;
				CLANG_WARN_NON_LITERAL_NULL_CONVERSION = YES;
				CLANG_WARN_OBJC_IMPLICIT_RETAIN_SELF = YES;
				CLANG_WARN_OBJC_LITERAL_CONVERSION = YES;
				CLANG_WARN_OBJC_ROOT_CLASS = YES_ERROR;
				CLANG_WARN_QUOTED_INCLUDE_IN_FRAMEWORK_HEADER = YES;
				CLANG_WARN_RANGE_LOOP_ANALYSIS = YES;
				CLANG_WARN_STRICT_PROTOTYPES = YES;
				CLANG_WARN_SUSPICIOUS_MOVE = YES;
				CLANG_WARN_UNGUARDED_AVAILABILITY = YES_AGGRESSIVE;
				CLANG_WARN_UNREACHABLE_CODE = YES;
				CLANG_WARN__DUPLICATE_METHOD_MATCH = YES;
				COPY_PHASE_STRIP = NO;
				DEBUG_INFORMATION_FORMAT = dwarf;
				ENABLE_STRICT_OBJC_MSGSEND = YES;
				ENABLE_TESTABILITY = YES;
				GCC_C_LANGUAGE_STANDARD = gnu11;
				GCC_DYNAMIC_NO_PIC = NO;
				GCC_NO_COMMON_BLOCKS = YES;
				GCC_OPTIMIZATION_LEVEL = 0;
				GCC_PREPROCESSOR_DEFINITIONS = (
					"DEBUG=1",
					"$(inherited)",
				);
				GCC_WARN_64_TO_32_BIT_CONVERSION = YES;
				GCC_WARN_ABOUT_RETURN_TYPE = YES_ERROR;
				GCC_WARN_UNDECLARED_SELECTOR = YES;
				GCC_WARN_UNINITIALIZED_AUTOS = YES_AGGRESSIVE;
				GCC_WARN_UNUSED_FUNCTION = YES;
				GCC_WARN_UNUSED_VARIABLE = YES;
				IPHONEOS_DEPLOYMENT_TARGET = 15.0;
				MTL_ENABLE_DEBUG_INFO = INCLUDE_SOURCE;
				MTL_FAST_MATH = YES;
				ONLY_ACTIVE_ARCH = YES;
				SDKROOT = iphoneos;
				SWIFT_ACTIVE_COMPILATION_CONDITIONS = DEBUG;
				SWIFT_OPTIMIZATION_LEVEL = "-Onone";
			};
			name = Debug;
		};
		FD554446274FAC6B00569236 /* Release */ = {
			isa = XCBuildConfiguration;
			buildSettings = {
				ALWAYS_SEARCH_USER_PATHS = NO;
				CLANG_ANALYZER_NONNULL = YES;
				CLANG_ANALYZER_NUMBER_OBJECT_CONVERSION = YES_AGGRESSIVE;
				CLANG_CXX_LANGUAGE_STANDARD = "gnu++17";
				CLANG_CXX_LIBRARY = "libc++";
				CLANG_ENABLE_MODULES = YES;
				CLANG_ENABLE_OBJC_ARC = YES;
				CLANG_ENABLE_OBJC_WEAK = YES;
				CLANG_WARN_BLOCK_CAPTURE_AUTORELEASING = YES;
				CLANG_WARN_BOOL_CONVERSION = YES;
				CLANG_WARN_COMMA = YES;
				CLANG_WARN_CONSTANT_CONVERSION = YES;
				CLANG_WARN_DEPRECATED_OBJC_IMPLEMENTATIONS = YES;
				CLANG_WARN_DIRECT_OBJC_ISA_USAGE = YES_ERROR;
				CLANG_WARN_DOCUMENTATION_COMMENTS = YES;
				CLANG_WARN_EMPTY_BODY = YES;
				CLANG_WARN_ENUM_CONVERSION = YES;
				CLANG_WARN_INFINITE_RECURSION = YES;
				CLANG_WARN_INT_CONVERSION = YES;
				CLANG_WARN_NON_LITERAL_NULL_CONVERSION = YES;
				CLANG_WARN_OBJC_IMPLICIT_RETAIN_SELF = YES;
				CLANG_WARN_OBJC_LITERAL_CONVERSION = YES;
				CLANG_WARN_OBJC_ROOT_CLASS = YES_ERROR;
				CLANG_WARN_QUOTED_INCLUDE_IN_FRAMEWORK_HEADER = YES;
				CLANG_WARN_RANGE_LOOP_ANALYSIS = YES;
				CLANG_WARN_STRICT_PROTOTYPES = YES;
				CLANG_WARN_SUSPICIOUS_MOVE = YES;
				CLANG_WARN_UNGUARDED_AVAILABILITY = YES_AGGRESSIVE;
				CLANG_WARN_UNREACHABLE_CODE = YES;
				CLANG_WARN__DUPLICATE_METHOD_MATCH = YES;
				COPY_PHASE_STRIP = NO;
				DEBUG_INFORMATION_FORMAT = "dwarf-with-dsym";
				ENABLE_NS_ASSERTIONS = NO;
				ENABLE_STRICT_OBJC_MSGSEND = YES;
				GCC_C_LANGUAGE_STANDARD = gnu11;
				GCC_NO_COMMON_BLOCKS = YES;
				GCC_WARN_64_TO_32_BIT_CONVERSION = YES;
				GCC_WARN_ABOUT_RETURN_TYPE = YES_ERROR;
				GCC_WARN_UNDECLARED_SELECTOR = YES;
				GCC_WARN_UNINITIALIZED_AUTOS = YES_AGGRESSIVE;
				GCC_WARN_UNUSED_FUNCTION = YES;
				GCC_WARN_UNUSED_VARIABLE = YES;
				IPHONEOS_DEPLOYMENT_TARGET = 15.0;
				MTL_ENABLE_DEBUG_INFO = NO;
				MTL_FAST_MATH = YES;
				SDKROOT = iphoneos;
				SWIFT_COMPILATION_MODE = wholemodule;
				SWIFT_OPTIMIZATION_LEVEL = "-O";
				VALIDATE_PRODUCT = YES;
			};
			name = Release;
		};
		FD554448274FAC6B00569236 /* Debug */ = {
			isa = XCBuildConfiguration;
			buildSettings = {
				ASSETCATALOG_COMPILER_APPICON_NAME = AppIcon;
				ASSETCATALOG_COMPILER_GLOBAL_ACCENT_COLOR_NAME = AccentColor;
				CLANG_ENABLE_MODULES = YES;
				CODE_SIGN_ENTITLEMENTS = LinkHut/LinkHut.entitlements;
				CODE_SIGN_STYLE = Automatic;
				CURRENT_PROJECT_VERSION = 1;
				DEVELOPMENT_ASSET_PATHS = "";
				DEVELOPMENT_TEAM = LINKHUT;
				ENABLE_PREVIEWS = YES;
				INFOPLIST_FILE = LinkHut/Info.plist;
				LD_RUNPATH_SEARCH_PATHS = (
					"$(inherited)",
					"@executable_path/Frameworks",
				);
				MARKETING_VERSION = 1.0;
				OTHER_LDFLAGS = "-lc++";
				PRODUCT_BUNDLE_IDENTIFIER = com.ableton.link.LinkHut;
				PRODUCT_NAME = "$(TARGET_NAME)";
				SUPPORTS_MACCATALYST = YES;
				SWIFT_EMIT_LOC_STRINGS = YES;
				SWIFT_OBJC_BRIDGING_HEADER = "LinkHut/LinkHut-Bridging-Header.h";
				SWIFT_OPTIMIZATION_LEVEL = "-Onone";
				SWIFT_VERSION = 5.0;
				TARGETED_DEVICE_FAMILY = "1,2";
			};
			name = Debug;
		};
		FD554449274FAC6B00569236 /* Release */ = {
			isa = XCBuildConfiguration;
			buildSettings = {
				ASSETCATALOG_COMPILER_APPICON_NAME = AppIcon;
				ASSETCATALOG_COMPILER_GLOBAL_ACCENT_COLOR_NAME = AccentColor;
				CLANG_ENABLE_MODULES = YES;
				CODE_SIGN_ENTITLEMENTS = LinkHut/LinkHut.entitlements;
				CODE_SIGN_STYLE = Automatic;
				CURRENT_PROJECT_VERSION = 1;
				DEVELOPMENT_ASSET_PATHS = "";
				DEVELOPMENT_TEAM = LINKHUT;
				ENABLE_PREVIEWS = YES;
				INFOPLIST_FILE = LinkHut/Info.plist;
				LD_RUNPATH_SEARCH_PATHS = (
					"$(inherited)",
					"@executable_path/Frameworks",
				);
				MARKETING_VERSION = 1.0;
				OTHER_LDFLAGS = "-lc++";
				PRODUCT_BUNDLE_IDENTIFIER = com.ableton.link.LinkHut;
				PRODUCT_NAME = "$(TARGET_NAME)";
				SUPPORTS_MACCATALYST = YES;
				SWIFT_EMIT_LOC_STRINGS = YES;
				SWIFT_OBJC_BRIDGING_HEADER = "LinkHut/LinkHut-Bridging-Header.h";
				SWIFT_VERSION = 5.0;
				TARGETED_DEVICE_FAMILY = "1,2";
			};
			name = Release;
		};
/* End XCBuildConfiguration section */

/* Begin XCConfigurationList section */
		FD554434274FAC6A00569236 /* Build configuration list for PBXProject "LinkHut" */ = {
			isa = XCConfigurationList;
			buildConfigurations = (
				FD554445274FAC6B00569236 /* Debug */,
				FD554446274FAC6B00569236 /* Release */,
			);
			defaultConfigurationIsVisible = 0;
			defaultConfigurationName = Release;
		};
		FD554447274FAC6B00569236 /* Build configuration list for PBXNativeTarget "LinkHut" */ = {
			isa = XCConfigurationList;
			buildConfigurations = (
				FD554448274FAC6B00569236 /* Debug */,
				FD554449274FAC6B00569236 /* Release */,
			);
			defaultConfigurationIsVisible = 0;
			defaultConfigurationName = Release;
		};
/* End XCConfigurationList section */
	};
	rootObject = FD554431274FAC6A00569236 /* Project object */;
}
